
Microsoft Visual Studio Solution File, Format Version 12.00
# Visual Studio Version 16
VisualStudioVersion = 16.0.29503.13
MinimumVisualStudioVersion = 10.0.40219.1
Project("{FAE04EC0-301F-11D3-BF4B-00C04F79EFBC}") = "MySQLWithStoredProc", "MySQLWithStoredProc\MySQLWithStoredProc.csproj", "{441CBBE9-8998-4E00-BE61-48C2EDD08C70}"
EndProject
Global
	GlobalSection(SolutionConfigurationPlatforms) = preSolution
		Debug|Any CPU = Debug|Any CPU
		Release|Any CPU = Release|Any CPU
	EndGlobalSection
	GlobalSection(ProjectConfigurationPlatforms) = postSolution
		{441CBBE9-8998-4E00-BE61-48C2EDD08C70}.Debug|Any CPU.ActiveCfg = Debug|Any CPU
		{441CBBE9-8998-4E00-BE61-48C2EDD08C70}.Debug|Any CPU.Build.0 = Debug|Any CPU
		{441CBBE9-8998-4E00-BE61-48C2EDD08C70}.Release|Any CPU.ActiveCfg = Release|Any CPU
		{441CBBE9-8998-4E00-BE61-48C2EDD08C70}.Release|Any CPU.Build.0 = Release|Any CPU
	EndGlobalSection
	GlobalSection(SolutionProperties) = preSolution
		HideSolutionNode = FALSE
	EndGlobalSection
	GlobalSection(ExtensibilityGlobals) = postSolution
		SolutionGuid = {B6DAFA36-8916-427E-940B-7A79A302B8E0}
	EndGlobalSection
EndGlobal
